// !$*UTF8*$!
{
	archiveVersion = 1;
	classes = {
	};
	objectVersion = 50;
	objects = {

/* Begin PBXBuildFile section */
		B503C1322638DFBA0013E18F /* ChatBubbleCell.swift in Sources */ = {isa = PBXBuildFile; fileRef = B503C1312638DFBA0013E18F /* ChatBubbleCell.swift */; };
		B503C1342638E1A30013E18F /* ViewCode.swift in Sources */ = {isa = PBXBuildFile; fileRef = B503C1332638E1A30013E18F /* ViewCode.swift */; };
		B503C1362638FCB90013E18F /* CellType.swift in Sources */ = {isa = PBXBuildFile; fileRef = B503C1352638FCB90013E18F /* CellType.swift */; };
		B51DCC9A241B26CE0030C9F9 /* ChatPresenter.swift in Sources */ = {isa = PBXBuildFile; fileRef = B51DCC94241B26CE0030C9F9 /* ChatPresenter.swift */; };
		B51DCC9B241B26CE0030C9F9 /* ChatWorker.swift in Sources */ = {isa = PBXBuildFile; fileRef = B51DCC95241B26CE0030C9F9 /* ChatWorker.swift */; };
		B51DCC9C241B26CE0030C9F9 /* ChatRouter.swift in Sources */ = {isa = PBXBuildFile; fileRef = B51DCC96241B26CE0030C9F9 /* ChatRouter.swift */; };
		B51DCC9D241B26CE0030C9F9 /* ChatModels.swift in Sources */ = {isa = PBXBuildFile; fileRef = B51DCC97241B26CE0030C9F9 /* ChatModels.swift */; };
		B51DCC9E241B26CE0030C9F9 /* ChatViewController.swift in Sources */ = {isa = PBXBuildFile; fileRef = B51DCC98241B26CE0030C9F9 /* ChatViewController.swift */; };
		B51DCC9F241B26CE0030C9F9 /* ChatInteractor.swift in Sources */ = {isa = PBXBuildFile; fileRef = B51DCC99241B26CE0030C9F9 /* ChatInteractor.swift */; };
		B51DCCA1241B26F60030C9F9 /* Chat.storyboard in Resources */ = {isa = PBXBuildFile; fileRef = B51DCCA0241B26F60030C9F9 /* Chat.storyboard */; };
		B550ABB52419DF9A004CA78D /* AppDelegate.swift in Sources */ = {isa = PBXBuildFile; fileRef = B550ABB42419DF9A004CA78D /* AppDelegate.swift */; };
		B550ABB72419DF9A004CA78D /* SceneDelegate.swift in Sources */ = {isa = PBXBuildFile; fileRef = B550ABB62419DF9A004CA78D /* SceneDelegate.swift */; };
		B550ABB92419DF9A004CA78D /* ViewController.swift in Sources */ = {isa = PBXBuildFile; fileRef = B550ABB82419DF9A004CA78D /* ViewController.swift */; };
		B550ABBC2419DF9A004CA78D /* NamesList.storyboard in Resources */ = {isa = PBXBuildFile; fileRef = B550ABBA2419DF9A004CA78D /* NamesList.storyboard */; };
		B550ABBE2419DF9C004CA78D /* Assets.xcassets in Resources */ = {isa = PBXBuildFile; fileRef = B550ABBD2419DF9C004CA78D /* Assets.xcassets */; };
		B550ABC12419DF9C004CA78D /* LaunchScreen.storyboard in Resources */ = {isa = PBXBuildFile; fileRef = B550ABBF2419DF9C004CA78D /* LaunchScreen.storyboard */; };
		B550ABCC2419DF9D004CA78D /* GitHubMessengerUITests.swift in Sources */ = {isa = PBXBuildFile; fileRef = B550ABCB2419DF9D004CA78D /* GitHubMessengerUITests.swift */; };
		B550ABF82419E346004CA78D /* NamesListPresenter.swift in Sources */ = {isa = PBXBuildFile; fileRef = B550ABF22419E346004CA78D /* NamesListPresenter.swift */; };
		B550ABF92419E346004CA78D /* NamesListWorker.swift in Sources */ = {isa = PBXBuildFile; fileRef = B550ABF32419E346004CA78D /* NamesListWorker.swift */; };
		B550ABFA2419E346004CA78D /* NamesListRouter.swift in Sources */ = {isa = PBXBuildFile; fileRef = B550ABF42419E346004CA78D /* NamesListRouter.swift */; };
		B550ABFB2419E346004CA78D /* NamesListModels.swift in Sources */ = {isa = PBXBuildFile; fileRef = B550ABF52419E346004CA78D /* NamesListModels.swift */; };
		B550ABFC2419E346004CA78D /* NamesListViewController.swift in Sources */ = {isa = PBXBuildFile; fileRef = B550ABF62419E346004CA78D /* NamesListViewController.swift */; };
		B550ABFD2419E346004CA78D /* NamesListInteractor.swift in Sources */ = {isa = PBXBuildFile; fileRef = B550ABF72419E346004CA78D /* NamesListInteractor.swift */; };
		B550AC022419E775004CA78D /* NamesListTableViewCell.swift in Sources */ = {isa = PBXBuildFile; fileRef = B550AC002419E775004CA78D /* NamesListTableViewCell.swift */; };
		B550AC032419E775004CA78D /* NamesListTableViewCell.xib in Resources */ = {isa = PBXBuildFile; fileRef = B550AC012419E775004CA78D /* NamesListTableViewCell.xib */; };
		B5C0D935249BB591005B1934 /* UIDevice+Extension.swift in Sources */ = {isa = PBXBuildFile; fileRef = B5C0D934249BB591005B1934 /* UIDevice+Extension.swift */; };
		B5C690F42542741A00D94705 /* Messenger.xcdatamodeld in Sources */ = {isa = PBXBuildFile; fileRef = B5C690F22542741A00D94705 /* Messenger.xcdatamodeld */; };
/* End PBXBuildFile section */

/* Begin PBXContainerItemProxy section */
		B550ABC82419DF9D004CA78D /* PBXContainerItemProxy */ = {
			isa = PBXContainerItemProxy;
			containerPortal = B550ABA92419DF9A004CA78D /* Project object */;
			proxyType = 1;
			remoteGlobalIDString = B550ABB02419DF9A004CA78D;
			remoteInfo = GitHubMessenger;
		};
/* End PBXContainerItemProxy section */

/* Begin PBXFileReference section */
		B503C1312638DFBA0013E18F /* ChatBubbleCell.swift */ = {isa = PBXFileReference; lastKnownFileType = sourcecode.swift; path = ChatBubbleCell.swift; sourceTree = "<group>"; };
		B503C1332638E1A30013E18F /* ViewCode.swift */ = {isa = PBXFileReference; lastKnownFileType = sourcecode.swift; path = ViewCode.swift; sourceTree = "<group>"; };
		B503C1352638FCB90013E18F /* CellType.swift */ = {isa = PBXFileReference; lastKnownFileType = sourcecode.swift; path = CellType.swift; sourceTree = "<group>"; };
		B51DCC94241B26CE0030C9F9 /* ChatPresenter.swift */ = {isa = PBXFileReference; lastKnownFileType = sourcecode.swift; path = ChatPresenter.swift; sourceTree = "<group>"; };
		B51DCC95241B26CE0030C9F9 /* ChatWorker.swift */ = {isa = PBXFileReference; lastKnownFileType = sourcecode.swift; path = ChatWorker.swift; sourceTree = "<group>"; };
		B51DCC96241B26CE0030C9F9 /* ChatRouter.swift */ = {isa = PBXFileReference; lastKnownFileType = sourcecode.swift; path = ChatRouter.swift; sourceTree = "<group>"; };
		B51DCC97241B26CE0030C9F9 /* ChatModels.swift */ = {isa = PBXFileReference; lastKnownFileType = sourcecode.swift; path = ChatModels.swift; sourceTree = "<group>"; };
		B51DCC98241B26CE0030C9F9 /* ChatViewController.swift */ = {isa = PBXFileReference; lastKnownFileType = sourcecode.swift; path = ChatViewController.swift; sourceTree = "<group>"; };
		B51DCC99241B26CE0030C9F9 /* ChatInteractor.swift */ = {isa = PBXFileReference; lastKnownFileType = sourcecode.swift; path = ChatInteractor.swift; sourceTree = "<group>"; };
		B51DCCA0241B26F60030C9F9 /* Chat.storyboard */ = {isa = PBXFileReference; lastKnownFileType = file.storyboard; path = Chat.storyboard; sourceTree = "<group>"; };
		B550ABB12419DF9A004CA78D /* GitHubMessenger.app */ = {isa = PBXFileReference; explicitFileType = wrapper.application; includeInIndex = 0; path = GitHubMessenger.app; sourceTree = BUILT_PRODUCTS_DIR; };
		B550ABB42419DF9A004CA78D /* AppDelegate.swift */ = {isa = PBXFileReference; lastKnownFileType = sourcecode.swift; path = AppDelegate.swift; sourceTree = "<group>"; };
		B550ABB62419DF9A004CA78D /* SceneDelegate.swift */ = {isa = PBXFileReference; lastKnownFileType = sourcecode.swift; path = SceneDelegate.swift; sourceTree = "<group>"; };
		B550ABB82419DF9A004CA78D /* ViewController.swift */ = {isa = PBXFileReference; lastKnownFileType = sourcecode.swift; path = ViewController.swift; sourceTree = "<group>"; };
		B550ABBB2419DF9A004CA78D /* Base */ = {isa = PBXFileReference; lastKnownFileType = file.storyboard; name = Base; path = Base.lproj/NamesList.storyboard; sourceTree = "<group>"; };
		B550ABBD2419DF9C004CA78D /* Assets.xcassets */ = {isa = PBXFileReference; lastKnownFileType = folder.assetcatalog; path = Assets.xcassets; sourceTree = "<group>"; };
		B550ABC02419DF9C004CA78D /* Base */ = {isa = PBXFileReference; lastKnownFileType = file.storyboard; name = Base; path = Base.lproj/LaunchScreen.storyboard; sourceTree = "<group>"; };
		B550ABC22419DF9C004CA78D /* Info.plist */ = {isa = PBXFileReference; lastKnownFileType = text.plist.xml; path = Info.plist; sourceTree = "<group>"; };
		B550ABC72419DF9D004CA78D /* GitHubMessengerUITests.xctest */ = {isa = PBXFileReference; explicitFileType = wrapper.cfbundle; includeInIndex = 0; path = GitHubMessengerUITests.xctest; sourceTree = BUILT_PRODUCTS_DIR; };
		B550ABCB2419DF9D004CA78D /* GitHubMessengerUITests.swift */ = {isa = PBXFileReference; lastKnownFileType = sourcecode.swift; path = GitHubMessengerUITests.swift; sourceTree = "<group>"; };
		B550ABCD2419DF9D004CA78D /* Info.plist */ = {isa = PBXFileReference; lastKnownFileType = text.plist.xml; path = Info.plist; sourceTree = "<group>"; };
		B550ABF22419E346004CA78D /* NamesListPresenter.swift */ = {isa = PBXFileReference; lastKnownFileType = sourcecode.swift; path = NamesListPresenter.swift; sourceTree = "<group>"; };
		B550ABF32419E346004CA78D /* NamesListWorker.swift */ = {isa = PBXFileReference; lastKnownFileType = sourcecode.swift; path = NamesListWorker.swift; sourceTree = "<group>"; };
		B550ABF42419E346004CA78D /* NamesListRouter.swift */ = {isa = PBXFileReference; lastKnownFileType = sourcecode.swift; path = NamesListRouter.swift; sourceTree = "<group>"; };
		B550ABF52419E346004CA78D /* NamesListModels.swift */ = {isa = PBXFileReference; lastKnownFileType = sourcecode.swift; path = NamesListModels.swift; sourceTree = "<group>"; };
		B550ABF62419E346004CA78D /* NamesListViewController.swift */ = {isa = PBXFileReference; lastKnownFileType = sourcecode.swift; path = NamesListViewController.swift; sourceTree = "<group>"; };
		B550ABF72419E346004CA78D /* NamesListInteractor.swift */ = {isa = PBXFileReference; lastKnownFileType = sourcecode.swift; path = NamesListInteractor.swift; sourceTree = "<group>"; };
		B550AC002419E775004CA78D /* NamesListTableViewCell.swift */ = {isa = PBXFileReference; lastKnownFileType = sourcecode.swift; path = NamesListTableViewCell.swift; sourceTree = "<group>"; };
		B550AC012419E775004CA78D /* NamesListTableViewCell.xib */ = {isa = PBXFileReference; lastKnownFileType = file.xib; path = NamesListTableViewCell.xib; sourceTree = "<group>"; };
		B5C0D934249BB591005B1934 /* UIDevice+Extension.swift */ = {isa = PBXFileReference; fileEncoding = 4; lastKnownFileType = sourcecode.swift; path = "UIDevice+Extension.swift"; sourceTree = "<group>"; };
		B5C690F32542741A00D94705 /* Messenger.xcdatamodel */ = {isa = PBXFileReference; lastKnownFileType = wrapper.xcdatamodel; path = Messenger.xcdatamodel; sourceTree = "<group>"; };
/* End PBXFileReference section */

/* Begin PBXFrameworksBuildPhase section */
		B550ABAE2419DF9A004CA78D /* Frameworks */ = {
			isa = PBXFrameworksBuildPhase;
			buildActionMask = 2147483647;
			files = (
			);
			runOnlyForDeploymentPostprocessing = 0;
		};
		B550ABC42419DF9D004CA78D /* Frameworks */ = {
			isa = PBXFrameworksBuildPhase;
			buildActionMask = 2147483647;
			files = (
			);
			runOnlyForDeploymentPostprocessing = 0;
		};
/* End PBXFrameworksBuildPhase section */

/* Begin PBXGroup section */
		B51D20D32422BC36005607E3 /* Cell */ = {
			isa = PBXGroup;
			children = (
				B503C1312638DFBA0013E18F /* ChatBubbleCell.swift */,
				B503C1352638FCB90013E18F /* CellType.swift */,
			);
			path = Cell;
			sourceTree = "<group>";
		};
		B51DCC93241B269E0030C9F9 /* Chat */ = {
			isa = PBXGroup;
			children = (
				B51D20D32422BC36005607E3 /* Cell */,
				B51DCCA0241B26F60030C9F9 /* Chat.storyboard */,
				B51DCC98241B26CE0030C9F9 /* ChatViewController.swift */,
				B51DCC99241B26CE0030C9F9 /* ChatInteractor.swift */,
				B51DCC94241B26CE0030C9F9 /* ChatPresenter.swift */,
				B51DCC96241B26CE0030C9F9 /* ChatRouter.swift */,
				B51DCC95241B26CE0030C9F9 /* ChatWorker.swift */,
				B51DCC97241B26CE0030C9F9 /* ChatModels.swift */,
			);
			path = Chat;
			sourceTree = "<group>";
		};
		B550ABA82419DF9A004CA78D = {
			isa = PBXGroup;
			children = (
				B550ABB32419DF9A004CA78D /* GitHubMessenger */,
				B550ABCA2419DF9D004CA78D /* GitHubMessengerUITests */,
				B550ABB22419DF9A004CA78D /* Products */,
			);
			sourceTree = "<group>";
		};
		B550ABB22419DF9A004CA78D /* Products */ = {
			isa = PBXGroup;
			children = (
				B550ABB12419DF9A004CA78D /* GitHubMessenger.app */,
				B550ABC72419DF9D004CA78D /* GitHubMessengerUITests.xctest */,
			);
			name = Products;
			sourceTree = "<group>";
		};
		B550ABB32419DF9A004CA78D /* GitHubMessenger */ = {
			isa = PBXGroup;
			children = (
				B550ABB42419DF9A004CA78D /* AppDelegate.swift */,
				B550ABB62419DF9A004CA78D /* SceneDelegate.swift */,
				B550ABB82419DF9A004CA78D /* ViewController.swift */,
				B550ABBD2419DF9C004CA78D /* Assets.xcassets */,
				B550ABBF2419DF9C004CA78D /* LaunchScreen.storyboard */,
				B550ABC22419DF9C004CA78D /* Info.plist */,
				B5C690F72542742200D94705 /* Model */,
				B51DCC93241B269E0030C9F9 /* Chat */,
				B550ABF12419E32E004CA78D /* NamesList */,
				B5D2928B242711D000BE02D7 /* Support Files */,
			);
			path = GitHubMessenger;
			sourceTree = "<group>";
		};
		B550ABCA2419DF9D004CA78D /* GitHubMessengerUITests */ = {
			isa = PBXGroup;
			children = (
				B550ABCB2419DF9D004CA78D /* GitHubMessengerUITests.swift */,
				B550ABCD2419DF9D004CA78D /* Info.plist */,
			);
			path = GitHubMessengerUITests;
			sourceTree = "<group>";
		};
		B550ABF12419E32E004CA78D /* NamesList */ = {
			isa = PBXGroup;
			children = (
				B550AC042419E77F004CA78D /* Cell */,
				B550ABBA2419DF9A004CA78D /* NamesList.storyboard */,
				B550ABF62419E346004CA78D /* NamesListViewController.swift */,
				B550ABF72419E346004CA78D /* NamesListInteractor.swift */,
				B550ABF22419E346004CA78D /* NamesListPresenter.swift */,
				B550ABF42419E346004CA78D /* NamesListRouter.swift */,
				B550ABF32419E346004CA78D /* NamesListWorker.swift */,
				B550ABF52419E346004CA78D /* NamesListModels.swift */,
			);
			path = NamesList;
			sourceTree = "<group>";
		};
		B550AC042419E77F004CA78D /* Cell */ = {
			isa = PBXGroup;
			children = (
				B550AC002419E775004CA78D /* NamesListTableViewCell.swift */,
				B550AC012419E775004CA78D /* NamesListTableViewCell.xib */,
			);
			path = Cell;
			sourceTree = "<group>";
		};
		B5C690F72542742200D94705 /* Model */ = {
			isa = PBXGroup;
			children = (
				B5C690F22542741A00D94705 /* Messenger.xcdatamodeld */,
			);
			path = Model;
			sourceTree = "<group>";
		};
		B5D2928B242711D000BE02D7 /* Support Files */ = {
			isa = PBXGroup;
			children = (
				B5C0D934249BB591005B1934 /* UIDevice+Extension.swift */,
				B503C1332638E1A30013E18F /* ViewCode.swift */,
			);
			path = "Support Files";
			sourceTree = "<group>";
		};
/* End PBXGroup section */

/* Begin PBXNativeTarget section */
		B550ABB02419DF9A004CA78D /* GitHubMessenger */ = {
			isa = PBXNativeTarget;
			buildConfigurationList = B550ABD02419DF9D004CA78D /* Build configuration list for PBXNativeTarget "GitHubMessenger" */;
			buildPhases = (
				B550ABAD2419DF9A004CA78D /* Sources */,
				B550ABAE2419DF9A004CA78D /* Frameworks */,
				B550ABAF2419DF9A004CA78D /* Resources */,
			);
			buildRules = (
			);
			dependencies = (
			);
			name = GitHubMessenger;
			productName = GitHubMessenger;
			productReference = B550ABB12419DF9A004CA78D /* GitHubMessenger.app */;
			productType = "com.apple.product-type.application";
		};
		B550ABC62419DF9D004CA78D /* GitHubMessengerUITests */ = {
			isa = PBXNativeTarget;
			buildConfigurationList = B550ABD32419DF9D004CA78D /* Build configuration list for PBXNativeTarget "GitHubMessengerUITests" */;
			buildPhases = (
				B550ABC32419DF9D004CA78D /* Sources */,
				B550ABC42419DF9D004CA78D /* Frameworks */,
				B550ABC52419DF9D004CA78D /* Resources */,
			);
			buildRules = (
			);
			dependencies = (
				B550ABC92419DF9D004CA78D /* PBXTargetDependency */,
			);
			name = GitHubMessengerUITests;
			productName = GitHubMessengerUITests;
			productReference = B550ABC72419DF9D004CA78D /* GitHubMessengerUITests.xctest */;
			productType = "com.apple.product-type.bundle.ui-testing";
		};
/* End PBXNativeTarget section */

/* Begin PBXProject section */
		B550ABA92419DF9A004CA78D /* Project object */ = {
			isa = PBXProject;
			attributes = {
				LastSwiftUpdateCheck = 1120;
				LastUpgradeCheck = 1120;
				ORGANIZATIONNAME = "Gabriel Targon";
				TargetAttributes = {
					B550ABB02419DF9A004CA78D = {
						CreatedOnToolsVersion = 11.2.1;
					};
					B550ABC62419DF9D004CA78D = {
						CreatedOnToolsVersion = 11.2.1;
						TestTargetID = B550ABB02419DF9A004CA78D;
					};
				};
			};
			buildConfigurationList = B550ABAC2419DF9A004CA78D /* Build configuration list for PBXProject "GitHubMessenger" */;
			compatibilityVersion = "Xcode 9.3";
			developmentRegion = en;
			hasScannedForEncodings = 0;
			knownRegions = (
				en,
				Base,
			);
			mainGroup = B550ABA82419DF9A004CA78D;
			productRefGroup = B550ABB22419DF9A004CA78D /* Products */;
			projectDirPath = "";
			projectRoot = "";
			targets = (
				B550ABB02419DF9A004CA78D /* GitHubMessenger */,
				B550ABC62419DF9D004CA78D /* GitHubMessengerUITests */,
			);
		};
/* End PBXProject section */

/* Begin PBXResourcesBuildPhase section */
		B550ABAF2419DF9A004CA78D /* Resources */ = {
			isa = PBXResourcesBuildPhase;
			buildActionMask = 2147483647;
			files = (
				B550ABC12419DF9C004CA78D /* LaunchScreen.storyboard in Resources */,
				B550ABBE2419DF9C004CA78D /* Assets.xcassets in Resources */,
				B550ABBC2419DF9A004CA78D /* NamesList.storyboard in Resources */,
				B51DCCA1241B26F60030C9F9 /* Chat.storyboard in Resources */,
				B550AC032419E775004CA78D /* NamesListTableViewCell.xib in Resources */,
			);
			runOnlyForDeploymentPostprocessing = 0;
		};
		B550ABC52419DF9D004CA78D /* Resources */ = {
			isa = PBXResourcesBuildPhase;
			buildActionMask = 2147483647;
			files = (
			);
			runOnlyForDeploymentPostprocessing = 0;
		};
/* End PBXResourcesBuildPhase section */

/* Begin PBXSourcesBuildPhase section */
		B550ABAD2419DF9A004CA78D /* Sources */ = {
			isa = PBXSourcesBuildPhase;
			buildActionMask = 2147483647;
			files = (
				B550ABFD2419E346004CA78D /* NamesListInteractor.swift in Sources */,
				B550ABFA2419E346004CA78D /* NamesListRouter.swift in Sources */,
				B550AC022419E775004CA78D /* NamesListTableViewCell.swift in Sources */,
				B51DCC9D241B26CE0030C9F9 /* ChatModels.swift in Sources */,
				B550ABF82419E346004CA78D /* NamesListPresenter.swift in Sources */,
				B503C1322638DFBA0013E18F /* ChatBubbleCell.swift in Sources */,
				B550ABFB2419E346004CA78D /* NamesListModels.swift in Sources */,
				B550ABF92419E346004CA78D /* NamesListWorker.swift in Sources */,
				B550ABB92419DF9A004CA78D /* ViewController.swift in Sources */,
				B51DCC9A241B26CE0030C9F9 /* ChatPresenter.swift in Sources */,
				B5C690F42542741A00D94705 /* Messenger.xcdatamodeld in Sources */,
				B51DCC9C241B26CE0030C9F9 /* ChatRouter.swift in Sources */,
				B5C0D935249BB591005B1934 /* UIDevice+Extension.swift in Sources */,
				B51DCC9F241B26CE0030C9F9 /* ChatInteractor.swift in Sources */,
				B550ABB52419DF9A004CA78D /* AppDelegate.swift in Sources */,
				B51DCC9B241B26CE0030C9F9 /* ChatWorker.swift in Sources */,
				B550ABB72419DF9A004CA78D /* SceneDelegate.swift in Sources */,
				B503C1362638FCB90013E18F /* CellType.swift in Sources */,
				B503C1342638E1A30013E18F /* ViewCode.swift in Sources */,
				B51DCC9E241B26CE0030C9F9 /* ChatViewController.swift in Sources */,
				B550ABFC2419E346004CA78D /* NamesListViewController.swift in Sources */,
			);
			runOnlyForDeploymentPostprocessing = 0;
		};
		B550ABC32419DF9D004CA78D /* Sources */ = {
			isa = PBXSourcesBuildPhase;
			buildActionMask = 2147483647;
			files = (
				B550ABCC2419DF9D004CA78D /* GitHubMessengerUITests.swift in Sources */,
			);
			runOnlyForDeploymentPostprocessing = 0;
		};
/* End PBXSourcesBuildPhase section */

/* Begin PBXTargetDependency section */
		B550ABC92419DF9D004CA78D /* PBXTargetDependency */ = {
			isa = PBXTargetDependency;
			target = B550ABB02419DF9A004CA78D /* GitHubMessenger */;
			targetProxy = B550ABC82419DF9D004CA78D /* PBXContainerItemProxy */;
		};
/* End PBXTargetDependency section */

/* Begin PBXVariantGroup section */
		B550ABBA2419DF9A004CA78D /* NamesList.storyboard */ = {
			isa = PBXVariantGroup;
			children = (
				B550ABBB2419DF9A004CA78D /* Base */,
			);
			name = NamesList.storyboard;
			sourceTree = "<group>";
		};
		B550ABBF2419DF9C004CA78D /* LaunchScreen.storyboard */ = {
			isa = PBXVariantGroup;
			children = (
				B550ABC02419DF9C004CA78D /* Base */,
			);
			name = LaunchScreen.storyboard;
			sourceTree = "<group>";
		};
/* End PBXVariantGroup section */

/* Begin XCBuildConfiguration section */
		B550ABCE2419DF9D004CA78D /* Debug */ = {
			isa = XCBuildConfiguration;
			buildSettings = {
				ALWAYS_SEARCH_USER_PATHS = NO;
				CLANG_ANALYZER_NONNULL = YES;
				CLANG_ANALYZER_NUMBER_OBJECT_CONVERSION = YES_AGGRESSIVE;
				CLANG_CXX_LANGUAGE_STANDARD = "gnu++14";
				CLANG_CXX_LIBRARY = "libc++";
				CLANG_ENABLE_MODULES = YES;
				CLANG_ENABLE_OBJC_ARC = YES;
				CLANG_ENABLE_OBJC_WEAK = YES;
				CLANG_WARN_BLOCK_CAPTURE_AUTORELEASING = YES;
				CLANG_WARN_BOOL_CONVERSION = YES;
				CLANG_WARN_COMMA = YES;
				CLANG_WARN_CONSTANT_CONVERSION = YES;
				CLANG_WARN_DEPRECATED_OBJC_IMPLEMENTATIONS = YES;
				CLANG_WARN_DIRECT_OBJC_ISA_USAGE = YES_ERROR;
				CLANG_WARN_DOCUMENTATION_COMMENTS = YES;
				CLANG_WARN_EMPTY_BODY = YES;
				CLANG_WARN_ENUM_CONVERSION = YES;
				CLANG_WARN_INFINITE_RECURSION = YES;
				CLANG_WARN_INT_CONVERSION = YES;
				CLANG_WARN_NON_LITERAL_NULL_CONVERSION = YES;
				CLANG_WARN_OBJC_IMPLICIT_RETAIN_SELF = YES;
				CLANG_WARN_OBJC_LITERAL_CONVERSION = YES;
				CLANG_WARN_OBJC_ROOT_CLASS = YES_ERROR;
				CLANG_WARN_RANGE_LOOP_ANALYSIS = YES;
				CLANG_WARN_STRICT_PROTOTYPES = YES;
				CLANG_WARN_SUSPICIOUS_MOVE = YES;
				CLANG_WARN_UNGUARDED_AVAILABILITY = YES_AGGRESSIVE;
				CLANG_WARN_UNREACHABLE_CODE = YES;
				CLANG_WARN__DUPLICATE_METHOD_MATCH = YES;
				COPY_PHASE_STRIP = NO;
				DEBUG_INFORMATION_FORMAT = dwarf;
				ENABLE_STRICT_OBJC_MSGSEND = YES;
				ENABLE_TESTABILITY = YES;
				GCC_C_LANGUAGE_STANDARD = gnu11;
				GCC_DYNAMIC_NO_PIC = NO;
				GCC_NO_COMMON_BLOCKS = YES;
				GCC_OPTIMIZATION_LEVEL = 0;
				GCC_PREPROCESSOR_DEFINITIONS = (
					"DEBUG=1",
					"$(inherited)",
				);
				GCC_WARN_64_TO_32_BIT_CONVERSION = YES;
				GCC_WARN_ABOUT_RETURN_TYPE = YES_ERROR;
				GCC_WARN_UNDECLARED_SELECTOR = YES;
				GCC_WARN_UNINITIALIZED_AUTOS = YES_AGGRESSIVE;
				GCC_WARN_UNUSED_FUNCTION = YES;
				GCC_WARN_UNUSED_VARIABLE = YES;
				IPHONEOS_DEPLOYMENT_TARGET = 13.2;
				MTL_ENABLE_DEBUG_INFO = INCLUDE_SOURCE;
				MTL_FAST_MATH = YES;
				ONLY_ACTIVE_ARCH = YES;
				SDKROOT = iphoneos;
				SWIFT_ACTIVE_COMPILATION_CONDITIONS = DEBUG;
				SWIFT_OPTIMIZATION_LEVEL = "-Onone";
			};
			name = Debug;
		};
		B550ABCF2419DF9D004CA78D /* Release */ = {
			isa = XCBuildConfiguration;
			buildSettings = {
				ALWAYS_SEARCH_USER_PATHS = NO;
				CLANG_ANALYZER_NONNULL = YES;
				CLANG_ANALYZER_NUMBER_OBJECT_CONVERSION = YES_AGGRESSIVE;
				CLANG_CXX_LANGUAGE_STANDARD = "gnu++14";
				CLANG_CXX_LIBRARY = "libc++";
				CLANG_ENABLE_MODULES = YES;
				CLANG_ENABLE_OBJC_ARC = YES;
				CLANG_ENABLE_OBJC_WEAK = YES;
				CLANG_WARN_BLOCK_CAPTURE_AUTORELEASING = YES;
				CLANG_WARN_BOOL_CONVERSION = YES;
				CLANG_WARN_COMMA = YES;
				CLANG_WARN_CONSTANT_CONVERSION = YES;
				CLANG_WARN_DEPRECATED_OBJC_IMPLEMENTATIONS = YES;
				CLANG_WARN_DIRECT_OBJC_ISA_USAGE = YES_ERROR;
				CLANG_WARN_DOCUMENTATION_COMMENTS = YES;
				CLANG_WARN_EMPTY_BODY = YES;
				CLANG_WARN_ENUM_CONVERSION = YES;
				CLANG_WARN_INFINITE_RECURSION = YES;
				CLANG_WARN_INT_CONVERSION = YES;
				CLANG_WARN_NON_LITERAL_NULL_CONVERSION = YES;
				CLANG_WARN_OBJC_IMPLICIT_RETAIN_SELF = YES;
				CLANG_WARN_OBJC_LITERAL_CONVERSION = YES;
				CLANG_WARN_OBJC_ROOT_CLASS = YES_ERROR;
				CLANG_WARN_RANGE_LOOP_ANALYSIS = YES;
				CLANG_WARN_STRICT_PROTOTYPES = YES;
				CLANG_WARN_SUSPICIOUS_MOVE = YES;
				CLANG_WARN_UNGUARDED_AVAILABILITY = YES_AGGRESSIVE;
				CLANG_WARN_UNREACHABLE_CODE = YES;
				CLANG_WARN__DUPLICATE_METHOD_MATCH = YES;
				COPY_PHASE_STRIP = NO;
				DEBUG_INFORMATION_FORMAT = "dwarf-with-dsym";
				ENABLE_NS_ASSERTIONS = NO;
				ENABLE_STRICT_OBJC_MSGSEND = YES;
				GCC_C_LANGUAGE_STANDARD = gnu11;
				GCC_NO_COMMON_BLOCKS = YES;
				GCC_WARN_64_TO_32_BIT_CONVERSION = YES;
				GCC_WARN_ABOUT_RETURN_TYPE = YES_ERROR;
				GCC_WARN_UNDECLARED_SELECTOR = YES;
				GCC_WARN_UNINITIALIZED_AUTOS = YES_AGGRESSIVE;
				GCC_WARN_UNUSED_FUNCTION = YES;
				GCC_WARN_UNUSED_VARIABLE = YES;
				IPHONEOS_DEPLOYMENT_TARGET = 13.2;
				MTL_ENABLE_DEBUG_INFO = NO;
				MTL_FAST_MATH = YES;
				SDKROOT = iphoneos;
				SWIFT_COMPILATION_MODE = wholemodule;
				SWIFT_OPTIMIZATION_LEVEL = "-O";
				VALIDATE_PRODUCT = YES;
			};
			name = Release;
		};
		B550ABD12419DF9D004CA78D /* Debug */ = {
			isa = XCBuildConfiguration;
			buildSettings = {
				ASSETCATALOG_COMPILER_APPICON_NAME = AppIcon;
				CODE_SIGN_STYLE = Automatic;
				DEVELOPMENT_TEAM = SGK9UE4P7G;
				INFOPLIST_FILE = GitHubMessenger/Info.plist;
				LD_RUNPATH_SEARCH_PATHS = (
					"$(inherited)",
					"@executable_path/Frameworks",
				);
				PRODUCT_BUNDLE_IDENTIFIER = br.com.gabrieltargon.GitHubMessenger;
				PRODUCT_NAME = "$(TARGET_NAME)";
				SWIFT_VERSION = 5.0;
				TARGETED_DEVICE_FAMILY = "1,2";
			};
			name = Debug;
		};
		B550ABD22419DF9D004CA78D /* Release */ = {
			isa = XCBuildConfiguration;
			buildSettings = {
				ASSETCATALOG_COMPILER_APPICON_NAME = AppIcon;
				CODE_SIGN_STYLE = Automatic;
				DEVELOPMENT_TEAM = SGK9UE4P7G;
				INFOPLIST_FILE = GitHubMessenger/Info.plist;
				LD_RUNPATH_SEARCH_PATHS = (
					"$(inherited)",
					"@executable_path/Frameworks",
				);
				PRODUCT_BUNDLE_IDENTIFIER = br.com.gabrieltargon.GitHubMessenger;
				PRODUCT_NAME = "$(TARGET_NAME)";
				SWIFT_VERSION = 5.0;
				TARGETED_DEVICE_FAMILY = "1,2";
			};
			name = Release;
		};
		B550ABD42419DF9D004CA78D /* Debug */ = {
			isa = XCBuildConfiguration;
			buildSettings = {
				ALWAYS_EMBED_SWIFT_STANDARD_LIBRARIES = YES;
				CODE_SIGN_STYLE = Automatic;
				DEVELOPMENT_TEAM = SGK9UE4P7G;
				INFOPLIST_FILE = GitHubMessengerUITests/Info.plist;
				LD_RUNPATH_SEARCH_PATHS = (
					"$(inherited)",
					"@executable_path/Frameworks",
					"@loader_path/Frameworks",
				);
				PRODUCT_BUNDLE_IDENTIFIER = br.com.gabrieltargon.GitHubMessengerUITests;
				PRODUCT_NAME = "$(TARGET_NAME)";
				SWIFT_VERSION = 5.0;
				TARGETED_DEVICE_FAMILY = "1,2";
				TEST_TARGET_NAME = GitHubMessenger;
			};
			name = Debug;
		};
		B550ABD52419DF9D004CA78D /* Release */ = {
			isa = XCBuildConfiguration;
			buildSettings = {
				ALWAYS_EMBED_SWIFT_STANDARD_LIBRARIES = YES;
				CODE_SIGN_STYLE = Automatic;
				DEVELOPMENT_TEAM = SGK9UE4P7G;
				INFOPLIST_FILE = GitHubMessengerUITests/Info.plist;
				LD_RUNPATH_SEARCH_PATHS = (
					"$(inherited)",
					"@executable_path/Frameworks",
					"@loader_path/Frameworks",
				);
				PRODUCT_BUNDLE_IDENTIFIER = br.com.gabrieltargon.GitHubMessengerUITests;
				PRODUCT_NAME = "$(TARGET_NAME)";
				SWIFT_VERSION = 5.0;
				TARGETED_DEVICE_FAMILY = "1,2";
				TEST_TARGET_NAME = GitHubMessenger;
			};
			name = Release;
		};
/* End XCBuildConfiguration section */

/* Begin XCConfigurationList section */
		B550ABAC2419DF9A004CA78D /* Build configuration list for PBXProject "GitHubMessenger" */ = {
			isa = XCConfigurationList;
			buildConfigurations = (
				B550ABCE2419DF9D004CA78D /* Debug */,
				B550ABCF2419DF9D004CA78D /* Release */,
			);
			defaultConfigurationIsVisible = 0;
			defaultConfigurationName = Release;
		};
		B550ABD02419DF9D004CA78D /* Build configuration list for PBXNativeTarget "GitHubMessenger" */ = {
			isa = XCConfigurationList;
			buildConfigurations = (
				B550ABD12419DF9D004CA78D /* Debug */,
				B550ABD22419DF9D004CA78D /* Release */,
			);
			defaultConfigurationIsVisible = 0;
			defaultConfigurationName = Release;
		};
		B550ABD32419DF9D004CA78D /* Build configuration list for PBXNativeTarget "GitHubMessengerUITests" */ = {
			isa = XCConfigurationList;
			buildConfigurations = (
				B550ABD42419DF9D004CA78D /* Debug */,
				B550ABD52419DF9D004CA78D /* Release */,
			);
			defaultConfigurationIsVisible = 0;
			defaultConfigurationName = Release;
		};
/* End XCConfigurationList section */

/* Begin XCVersionGroup section */
		B5C690F22542741A00D94705 /* Messenger.xcdatamodeld */ = {
			isa = XCVersionGroup;
			children = (
				B5C690F32542741A00D94705 /* Messenger.xcdatamodel */,
			);
			currentVersion = B5C690F32542741A00D94705 /* Messenger.xcdatamodel */;
			path = Messenger.xcdatamodeld;
			sourceTree = "<group>";
			versionGroupType = wrapper.xcdatamodel;
		};
/* End XCVersionGroup section */
	};
	rootObject = B550ABA92419DF9A004CA78D /* Project object */;
}
